
Microsoft Visual Studio Solution File, Format Version 12.00
# Visual Studio Version 17
VisualStudioVersion = 17.6.33801.468
MinimumVisualStudioVersion = 10.0.40219.1
Project("{FAE04EC0-301F-11D3-BF4B-00C04F79EFBC}") = "UtilidaDesktop", "UtilidaDesktop\UtilidaDesktop.csproj", "{DEBF694C-E7DD-4F45-ABFC-9601E8B2B913}"
EndProject
Global
	GlobalSection(SolutionConfigurationPlatforms) = preSolution
		Debug|Any CPU = Debug|Any CPU
		Release|Any CPU = Release|Any CPU
	EndGlobalSection
	GlobalSection(ProjectConfigurationPlatforms) = postSolution
		{DEBF694C-E7DD-4F45-ABFC-9601E8B2B913}.Debug|Any CPU.ActiveCfg = Debug|Any CPU
		{DEBF694C-E7DD-4F45-ABFC-9601E8B2B913}.Debug|Any CPU.Build.0 = Debug|Any CPU
		{DEBF694C-E7DD-4F45-ABFC-9601E8B2B913}.Release|Any CPU.ActiveCfg = Release|Any CPU
		{DEBF694C-E7DD-4F45-ABFC-9601E8B2B913}.Release|Any CPU.Build.0 = Release|Any CPU
	EndGlobalSection
	GlobalSection(SolutionProperties) = preSolution
		HideSolutionNode = FALSE
	EndGlobalSection
	GlobalSection(ExtensibilityGlobals) = postSolution
		SolutionGuid = {693B24D2-7A8B-4178-BB18-94A86C850FD0}
	EndGlobalSection
EndGlobal
